
Microsoft Visual Studio Solution File, Format Version 11.00
# Visual Studio 2010
Project("{FAE04EC0-301F-11D3-BF4B-00C04F79EFBC}") = "FlagLib", "FlagLib\FlagLib.csproj", "{09E08024-AC20-4323-820E-5C33B4A46EFE}"
EndProject
Global
	GlobalSection(TestCaseManagementSettings) = postSolution
		CategoryFile = FlagLib.vsmdi
	EndGlobalSection
	GlobalSection(SolutionConfigurationPlatforms) = preSolution
		Debug|Any CPU = Debug|Any CPU
		Release|Any CPU = Release|Any CPU
	EndGlobalSection
	GlobalSection(ProjectConfigurationPlatforms) = postSolution
		{09E08024-AC20-4323-820E-5C33B4A46EFE}.Debug|Any CPU.ActiveCfg = Debug|Any CPU
		{09E08024-AC20-4323-820E-5C33B4A46EFE}.Debug|Any CPU.Build.0 = Debug|Any CPU
		{09E08024-AC20-4323-820E-5C33B4A46EFE}.Release|Any CPU.ActiveCfg = Release|Any CPU
		{09E08024-AC20-4323-820E-5C33B4A46EFE}.Release|Any CPU.Build.0 = Release|Any CPU
	EndGlobalSection
	GlobalSection(SolutionProperties) = preSolution
		HideSolutionNode = FALSE
	EndGlobalSection
EndGlobal
